
Microsoft Visual Studio Solution File, Format Version 12.00
# Visual Studio Version 17
VisualStudioVersion = 17.14.36310.24 d17.14
MinimumVisualStudioVersion = 10.0.40219.1
Project("{888888A0-9F3D-457C-B088-3A5042F75D52}") = "MyFirstPythonWebsite", "MyFirstPythonWebsite\MyFirstPythonWebsite.pyproj", "{17FA230D-5857-475B-8135-131BE55F0882}"
EndProject
Global
	GlobalSection(SolutionConfigurationPlatforms) = preSolution
		Debug|Any CPU = Debug|Any CPU
		Release|Any CPU = Release|Any CPU
	EndGlobalSection
	GlobalSection(ProjectConfigurationPlatforms) = postSolution
		{17FA230D-5857-475B-8135-131BE55F0882}.Debug|Any CPU.ActiveCfg = Debug|Any CPU
		{17FA230D-5857-475B-8135-131BE55F0882}.Release|Any CPU.ActiveCfg = Release|Any CPU
	EndGlobalSection
	GlobalSection(SolutionProperties) = preSolution
		HideSolutionNode = FALSE
	EndGlobalSection
	GlobalSection(ExtensibilityGlobals) = postSolution
		SolutionGuid = {D3AD9682-E136-4D31-8537-0DF64749FA22}
	EndGlobalSection
EndGlobal
